
Microsoft Visual Studio Solution File, Format Version 12.00
# Visual Studio Version 16
VisualStudioVersion = 16.0.809.0
MinimumVisualStudioVersion = 10.0.40219.1
Project("{FAE04EC0-301F-11D3-BF4B-00C04F79EFBC}") = "MasterMCQs.Android", "MasterMCQs.Android\MasterMCQs.Android.csproj", "{7C8B4E8C-3DD4-43AA-9AD7-3AE1DFDDC336}"
EndProject
Project("{FAE04EC0-301F-11D3-BF4B-00C04F79EFBC}") = "MasterMCQs.iOS", "MasterMCQs.iOS\MasterMCQs.iOS.csproj", "{7BB9D4E0-439C-43ED-91CA-DE91ABD742D0}"
EndProject
Project("{FAE04EC0-301F-11D3-BF4B-00C04F79EFBC}") = "MasterMCQs", "MasterMCQs\MasterMCQs.csproj", "{3D152DEE-D817-4F09-9002-01B53B820028}"
EndProject
Global
	GlobalSection(SolutionConfigurationPlatforms) = preSolution
		Debug|Any CPU = Debug|Any CPU
		Release|Any CPU = Release|Any CPU
		Debug|iPhoneSimulator = Debug|iPhoneSimulator
		Release|iPhoneSimulator = Release|iPhoneSimulator
		Debug|iPhone = Debug|iPhone
		Release|iPhone = Release|iPhone
	EndGlobalSection
	GlobalSection(ProjectConfigurationPlatforms) = postSolution
		{7C8B4E8C-3DD4-43AA-9AD7-3AE1DFDDC336}.Debug|Any CPU.ActiveCfg = Debug|Any CPU
		{7C8B4E8C-3DD4-43AA-9AD7-3AE1DFDDC336}.Debug|Any CPU.Build.0 = Debug|Any CPU
		{7C8B4E8C-3DD4-43AA-9AD7-3AE1DFDDC336}.Release|Any CPU.ActiveCfg = Release|Any CPU
		{7C8B4E8C-3DD4-43AA-9AD7-3AE1DFDDC336}.Release|Any CPU.Build.0 = Release|Any CPU
		{7C8B4E8C-3DD4-43AA-9AD7-3AE1DFDDC336}.Debug|iPhoneSimulator.ActiveCfg = Debug|Any CPU
		{7C8B4E8C-3DD4-43AA-9AD7-3AE1DFDDC336}.Debug|iPhoneSimulator.Build.0 = Debug|Any CPU
		{7C8B4E8C-3DD4-43AA-9AD7-3AE1DFDDC336}.Release|iPhoneSimulator.ActiveCfg = Release|Any CPU
		{7C8B4E8C-3DD4-43AA-9AD7-3AE1DFDDC336}.Release|iPhoneSimulator.Build.0 = Release|Any CPU
		{7C8B4E8C-3DD4-43AA-9AD7-3AE1DFDDC336}.Debug|iPhone.ActiveCfg = Debug|Any CPU
		{7C8B4E8C-3DD4-43AA-9AD7-3AE1DFDDC336}.Debug|iPhone.Build.0 = Debug|Any CPU
		{7C8B4E8C-3DD4-43AA-9AD7-3AE1DFDDC336}.Release|iPhone.ActiveCfg = Release|Any CPU
		{7C8B4E8C-3DD4-43AA-9AD7-3AE1DFDDC336}.Release|iPhone.Build.0 = Release|Any CPU
		{7BB9D4E0-439C-43ED-91CA-DE91ABD742D0}.Debug|Any CPU.ActiveCfg = Debug|iPhoneSimulator
		{7BB9D4E0-439C-43ED-91CA-DE91ABD742D0}.Debug|Any CPU.Build.0 = Debug|iPhoneSimulator
		{7BB9D4E0-439C-43ED-91CA-DE91ABD742D0}.Release|Any CPU.ActiveCfg = Release|iPhoneSimulator
		{7BB9D4E0-439C-43ED-91CA-DE91ABD742D0}.Release|Any CPU.Build.0 = Release|iPhoneSimulator
		{7BB9D4E0-439C-43ED-91CA-DE91ABD742D0}.Debug|iPhoneSimulator.ActiveCfg = Debug|iPhoneSimulator
		{7BB9D4E0-439C-43ED-91CA-DE91ABD742D0}.Debug|iPhoneSimulator.Build.0 = Debug|iPhoneSimulator
		{7BB9D4E0-439C-43ED-91CA-DE91ABD742D0}.Release|iPhoneSimulator.ActiveCfg = Release|iPhoneSimulator
		{7BB9D4E0-439C-43ED-91CA-DE91ABD742D0}.Release|iPhoneSimulator.Build.0 = Release|iPhoneSimulator
		{7BB9D4E0-439C-43ED-91CA-DE91ABD742D0}.Debug|iPhone.ActiveCfg = Debug|iPhone
		{7BB9D4E0-439C-43ED-91CA-DE91ABD742D0}.Debug|iPhone.Build.0 = Debug|iPhone
		{7BB9D4E0-439C-43ED-91CA-DE91ABD742D0}.Release|iPhone.ActiveCfg = Release|iPhone
		{7BB9D4E0-439C-43ED-91CA-DE91ABD742D0}.Release|iPhone.Build.0 = Release|iPhone
		{3D152DEE-D817-4F09-9002-01B53B820028}.Debug|Any CPU.ActiveCfg = Debug|Any CPU
		{3D152DEE-D817-4F09-9002-01B53B820028}.Debug|Any CPU.Build.0 = Debug|Any CPU
		{3D152DEE-D817-4F09-9002-01B53B820028}.Release|Any CPU.ActiveCfg = Release|Any CPU
		{3D152DEE-D817-4F09-9002-01B53B820028}.Release|Any CPU.Build.0 = Release|Any CPU
		{3D152DEE-D817-4F09-9002-01B53B820028}.Debug|iPhoneSimulator.ActiveCfg = Debug|Any CPU
		{3D152DEE-D817-4F09-9002-01B53B820028}.Debug|iPhoneSimulator.Build.0 = Debug|Any CPU
		{3D152DEE-D817-4F09-9002-01B53B820028}.Release|iPhoneSimulator.ActiveCfg = Release|Any CPU
		{3D152DEE-D817-4F09-9002-01B53B820028}.Release|iPhoneSimulator.Build.0 = Release|Any CPU
		{3D152DEE-D817-4F09-9002-01B53B820028}.Debug|iPhone.ActiveCfg = Debug|Any CPU
		{3D152DEE-D817-4F09-9002-01B53B820028}.Debug|iPhone.Build.0 = Debug|Any CPU
		{3D152DEE-D817-4F09-9002-01B53B820028}.Release|iPhone.ActiveCfg = Release|Any CPU
		{3D152DEE-D817-4F09-9002-01B53B820028}.Release|iPhone.Build.0 = Release|Any CPU
	EndGlobalSection
	GlobalSection(SolutionProperties) = preSolution
		HideSolutionNode = FALSE
	EndGlobalSection
	GlobalSection(ExtensibilityGlobals) = postSolution
		SolutionGuid = {74434F74-194A-4F41-97B8-C31DF78C7E98}
	EndGlobalSection
EndGlobal
